<?xml version="1.0" encoding="utf-8"?>
<Project ToolsVersion="17.0" xmlns="http://schemas.microsoft.com/developer/msbuild/2003">
  <ItemGroup>
    <CustomBuild Include="H:\Code\CT_MRI_Demo\CT_MRI_Demo\CMakeFiles\ac46fe495ec217688123a21094fd2c3e\CT_MRI_Demo_build.cmake.rule">
      <Filter>CMake Rules</Filter>
    </CustomBuild>
    <CustomBuild Include="H:\Code\CT_MRI_Demo\CT_MRI_Demo\CMakeFiles\36d5f619aa7acb844cbac251c77392c0\CT_MRI_Demo_qmlimportscan.rule">
      <Filter>CMake Rules</Filter>
    </CustomBuild>
    <CustomBuild Include="H:\Code\CT_MRI_Demo\CT_MRI_Demo\CMakeLists.txt" />
  </ItemGroup>
  <ItemGroup>
    <None Include="H:\Code\CT_MRI_Demo\CT_MRI_Demo\CMakeFiles\CT_MRI_Demo_qmlimportscan" />
  </ItemGroup>
  <ItemGroup>
    <Filter Include="CMake Rules">
      <UniqueIdentifier>{25F44BC2-FFAA-3396-B5DE-DE53EF424823}</UniqueIdentifier>
    </Filter>
  </ItemGroup>
</Project>
